
Microsoft Visual Studio Solution File, Format Version 12.00
# Visual Studio 15
VisualStudioVersion = 15.0.28307.102
MinimumVisualStudioVersion = 10.0.40219.1
Project("{FAE04EC0-301F-11D3-BF4B-00C04F79EFBC}") = "EKDESQCONT.Android", "EKDESQCONT\EKDESQCONT.Android\EKDESQCONT.Android.csproj", "{7A57FAD1-6A97-4E10-B1CB-21A3A19D43FB}"
EndProject
Project("{FAE04EC0-301F-11D3-BF4B-00C04F79EFBC}") = "EKDESQCONT.iOS", "EKDESQCONT\EKDESQCONT.iOS\EKDESQCONT.iOS.csproj", "{62199F46-5E56-4BA6-9A38-EAA40D1D044A}"
EndProject
Project("{FAE04EC0-301F-11D3-BF4B-00C04F79EFBC}") = "EKDESQCONT.UWP", "EKDESQCONT\EKDESQCONT.UWP\EKDESQCONT.UWP.csproj", "{0285335B-6939-4533-886E-5DDBBEAC9191}"
EndProject
Project("{FAE04EC0-301F-11D3-BF4B-00C04F79EFBC}") = "EKDESQCONT", "EKDESQCONT\EKDESQCONT\EKDESQCONT.csproj", "{C5A80218-D852-42AA-A22F-076BB8F7A3EA}"
EndProject
Global
	GlobalSection(SolutionConfigurationPlatforms) = preSolution
		Ad-Hoc|Any CPU = Ad-Hoc|Any CPU
		Ad-Hoc|ARM = Ad-Hoc|ARM
		Ad-Hoc|iPhone = Ad-Hoc|iPhone
		Ad-Hoc|iPhoneSimulator = Ad-Hoc|iPhoneSimulator
		Ad-Hoc|x64 = Ad-Hoc|x64
		Ad-Hoc|x86 = Ad-Hoc|x86
		AppStore|Any CPU = AppStore|Any CPU
		AppStore|ARM = AppStore|ARM
		AppStore|iPhone = AppStore|iPhone
		AppStore|iPhoneSimulator = AppStore|iPhoneSimulator
		AppStore|x64 = AppStore|x64
		AppStore|x86 = AppStore|x86
		Debug|Any CPU = Debug|Any CPU
		Debug|ARM = Debug|ARM
		Debug|iPhone = Debug|iPhone
		Debug|iPhoneSimulator = Debug|iPhoneSimulator
		Debug|x64 = Debug|x64
		Debug|x86 = Debug|x86
		Release|Any CPU = Release|Any CPU
		Release|ARM = Release|ARM
		Release|iPhone = Release|iPhone
		Release|iPhoneSimulator = Release|iPhoneSimulator
		Release|x64 = Release|x64
		Release|x86 = Release|x86
	EndGlobalSection
	GlobalSection(ProjectConfigurationPlatforms) = postSolution
		{7A57FAD1-6A97-4E10-B1CB-21A3A19D43FB}.Ad-Hoc|Any CPU.ActiveCfg = Release|Any CPU
		{7A57FAD1-6A97-4E10-B1CB-21A3A19D43FB}.Ad-Hoc|Any CPU.Build.0 = Release|Any CPU
		{7A57FAD1-6A97-4E10-B1CB-21A3A19D43FB}.Ad-Hoc|Any CPU.Deploy.0 = Release|Any CPU
		{7A57FAD1-6A97-4E10-B1CB-21A3A19D43FB}.Ad-Hoc|ARM.ActiveCfg = Release|Any CPU
		{7A57FAD1-6A97-4E10-B1CB-21A3A19D43FB}.Ad-Hoc|ARM.Build.0 = Release|Any CPU
		{7A57FAD1-6A97-4E10-B1CB-21A3A19D43FB}.Ad-Hoc|ARM.Deploy.0 = Release|Any CPU
		{7A57FAD1-6A97-4E10-B1CB-21A3A19D43FB}.Ad-Hoc|iPhone.ActiveCfg = Release|Any CPU
		{7A57FAD1-6A97-4E10-B1CB-21A3A19D43FB}.Ad-Hoc|iPhone.Build.0 = Release|Any CPU
		{7A57FAD1-6A97-4E10-B1CB-21A3A19D43FB}.Ad-Hoc|iPhone.Deploy.0 = Release|Any CPU
		{7A57FAD1-6A97-4E10-B1CB-21A3A19D43FB}.Ad-Hoc|iPhoneSimulator.ActiveCfg = Release|Any CPU
		{7A57FAD1-6A97-4E10-B1CB-21A3A19D43FB}.Ad-Hoc|iPhoneSimulator.Build.0 = Release|Any CPU
		{7A57FAD1-6A97-4E10-B1CB-21A3A19D43FB}.Ad-Hoc|iPhoneSimulator.Deploy.0 = Release|Any CPU
		{7A57FAD1-6A97-4E10-B1CB-21A3A19D43FB}.Ad-Hoc|x64.ActiveCfg = Release|Any CPU
		{7A57FAD1-6A97-4E10-B1CB-21A3A19D43FB}.Ad-Hoc|x64.Build.0 = Release|Any CPU
		{7A57FAD1-6A97-4E10-B1CB-21A3A19D43FB}.Ad-Hoc|x64.Deploy.0 = Release|Any CPU
		{7A57FAD1-6A97-4E10-B1CB-21A3A19D43FB}.Ad-Hoc|x86.ActiveCfg = Release|Any CPU
		{7A57FAD1-6A97-4E10-B1CB-21A3A19D43FB}.Ad-Hoc|x86.Build.0 = Release|Any CPU
		{7A57FAD1-6A97-4E10-B1CB-21A3A19D43FB}.Ad-Hoc|x86.Deploy.0 = Release|Any CPU
		{7A57FAD1-6A97-4E10-B1CB-21A3A19D43FB}.AppStore|Any CPU.ActiveCfg = Release|Any CPU
		{7A57FAD1-6A97-4E10-B1CB-21A3A19D43FB}.AppStore|Any CPU.Build.0 = Release|Any CPU
		{7A57FAD1-6A97-4E10-B1CB-21A3A19D43FB}.AppStore|Any CPU.Deploy.0 = Release|Any CPU
		{7A57FAD1-6A97-4E10-B1CB-21A3A19D43FB}.AppStore|ARM.ActiveCfg = Release|Any CPU
		{7A57FAD1-6A97-4E10-B1CB-21A3A19D43FB}.AppStore|ARM.Build.0 = Release|Any CPU
		{7A57FAD1-6A97-4E10-B1CB-21A3A19D43FB}.AppStore|ARM.Deploy.0 = Release|Any CPU
		{7A57FAD1-6A97-4E10-B1CB-21A3A19D43FB}.AppStore|iPhone.ActiveCfg = Release|Any CPU
		{7A57FAD1-6A97-4E10-B1CB-21A3A19D43FB}.AppStore|iPhone.Build.0 = Release|Any CPU
		{7A57FAD1-6A97-4E10-B1CB-21A3A19D43FB}.AppStore|iPhone.Deploy.0 = Release|Any CPU
		{7A57FAD1-6A97-4E10-B1CB-21A3A19D43FB}.AppStore|iPhoneSimulator.ActiveCfg = Release|Any CPU
		{7A57FAD1-6A97-4E10-B1CB-21A3A19D43FB}.AppStore|iPhoneSimulator.Build.0 = Release|Any CPU
		{7A57FAD1-6A97-4E10-B1CB-21A3A19D43FB}.AppStore|iPhoneSimulator.Deploy.0 = Release|Any CPU
		{7A57FAD1-6A97-4E10-B1CB-21A3A19D43FB}.AppStore|x64.ActiveCfg = Release|Any CPU
		{7A57FAD1-6A97-4E10-B1CB-21A3A19D43FB}.AppStore|x64.Build.0 = Release|Any CPU
		{7A57FAD1-6A97-4E10-B1CB-21A3A19D43FB}.AppStore|x64.Deploy.0 = Release|Any CPU
		{7A57FAD1-6A97-4E10-B1CB-21A3A19D43FB}.AppStore|x86.ActiveCfg = Release|Any CPU
		{7A57FAD1-6A97-4E10-B1CB-21A3A19D43FB}.AppStore|x86.Build.0 = Release|Any CPU
		{7A57FAD1-6A97-4E10-B1CB-21A3A19D43FB}.AppStore|x86.Deploy.0 = Release|Any CPU
		{7A57FAD1-6A97-4E10-B1CB-21A3A19D43FB}.Debug|Any CPU.ActiveCfg = Debug|Any CPU
		{7A57FAD1-6A97-4E10-B1CB-21A3A19D43FB}.Debug|Any CPU.Build.0 = Debug|Any CPU
		{7A57FAD1-6A97-4E10-B1CB-21A3A19D43FB}.Debug|Any CPU.Deploy.0 = Debug|Any CPU
		{7A57FAD1-6A97-4E10-B1CB-21A3A19D43FB}.Debug|ARM.ActiveCfg = Debug|Any CPU
		{7A57FAD1-6A97-4E10-B1CB-21A3A19D43FB}.Debug|ARM.Build.0 = Debug|Any CPU
		{7A57FAD1-6A97-4E10-B1CB-21A3A19D43FB}.Debug|ARM.Deploy.0 = Debug|Any CPU
		{7A57FAD1-6A97-4E10-B1CB-21A3A19D43FB}.Debug|iPhone.ActiveCfg = Debug|Any CPU
		{7A57FAD1-6A97-4E10-B1CB-21A3A19D43FB}.Debug|iPhone.Build.0 = Debug|Any CPU
		{7A57FAD1-6A97-4E10-B1CB-21A3A19D43FB}.Debug|iPhone.Deploy.0 = Debug|Any CPU
		{7A57FAD1-6A97-4E10-B1CB-21A3A19D43FB}.Debug|iPhoneSimulator.ActiveCfg = Debug|Any CPU
		{7A57FAD1-6A97-4E10-B1CB-21A3A19D43FB}.Debug|iPhoneSimulator.Build.0 = Debug|Any CPU
		{7A57FAD1-6A97-4E10-B1CB-21A3A19D43FB}.Debug|iPhoneSimulator.Deploy.0 = Debug|Any CPU
		{7A57FAD1-6A97-4E10-B1CB-21A3A19D43FB}.Debug|x64.ActiveCfg = Debug|Any CPU
		{7A57FAD1-6A97-4E10-B1CB-21A3A19D43FB}.Debug|x64.Build.0 = Debug|Any CPU
		{7A57FAD1-6A97-4E10-B1CB-21A3A19D43FB}.Debug|x64.Deploy.0 = Debug|Any CPU
		{7A57FAD1-6A97-4E10-B1CB-21A3A19D43FB}.Debug|x86.ActiveCfg = Debug|Any CPU
		{7A57FAD1-6A97-4E10-B1CB-21A3A19D43FB}.Debug|x86.Build.0 = Debug|Any CPU
		{7A57FAD1-6A97-4E10-B1CB-21A3A19D43FB}.Debug|x86.Deploy.0 = Debug|Any CPU
		{7A57FAD1-6A97-4E10-B1CB-21A3A19D43FB}.Release|Any CPU.ActiveCfg = Release|Any CPU
		{7A57FAD1-6A97-4E10-B1CB-21A3A19D43FB}.Release|Any CPU.Build.0 = Release|Any CPU
		{7A57FAD1-6A97-4E10-B1CB-21A3A19D43FB}.Release|Any CPU.Deploy.0 = Release|Any CPU
		{7A57FAD1-6A97-4E10-B1CB-21A3A19D43FB}.Release|ARM.ActiveCfg = Release|Any CPU
		{7A57FAD1-6A97-4E10-B1CB-21A3A19D43FB}.Release|ARM.Build.0 = Release|Any CPU
		{7A57FAD1-6A97-4E10-B1CB-21A3A19D43FB}.Release|ARM.Deploy.0 = Release|Any CPU
		{7A57FAD1-6A97-4E10-B1CB-21A3A19D43FB}.Release|iPhone.ActiveCfg = Release|Any CPU
		{7A57FAD1-6A97-4E10-B1CB-21A3A19D43FB}.Release|iPhone.Build.0 = Release|Any CPU
		{7A57FAD1-6A97-4E10-B1CB-21A3A19D43FB}.Release|iPhone.Deploy.0 = Release|Any CPU
		{7A57FAD1-6A97-4E10-B1CB-21A3A19D43FB}.Release|iPhoneSimulator.ActiveCfg = Release|Any CPU
		{7A57FAD1-6A97-4E10-B1CB-21A3A19D43FB}.Release|iPhoneSimulator.Build.0 = Release|Any CPU
		{7A57FAD1-6A97-4E10-B1CB-21A3A19D43FB}.Release|iPhoneSimulator.Deploy.0 = Release|Any CPU
		{7A57FAD1-6A97-4E10-B1CB-21A3A19D43FB}.Release|x64.ActiveCfg = Release|Any CPU
		{7A57FAD1-6A97-4E10-B1CB-21A3A19D43FB}.Release|x64.Build.0 = Release|Any CPU
		{7A57FAD1-6A97-4E10-B1CB-21A3A19D43FB}.Release|x64.Deploy.0 = Release|Any CPU
		{7A57FAD1-6A97-4E10-B1CB-21A3A19D43FB}.Release|x86.ActiveCfg = Release|Any CPU
		{7A57FAD1-6A97-4E10-B1CB-21A3A19D43FB}.Release|x86.Build.0 = Release|Any CPU
		{7A57FAD1-6A97-4E10-B1CB-21A3A19D43FB}.Release|x86.Deploy.0 = Release|Any CPU
		{62199F46-5E56-4BA6-9A38-EAA40D1D044A}.Ad-Hoc|Any CPU.ActiveCfg = Ad-Hoc|iPhone
		{62199F46-5E56-4BA6-9A38-EAA40D1D044A}.Ad-Hoc|Any CPU.Build.0 = Ad-Hoc|iPhone
		{62199F46-5E56-4BA6-9A38-EAA40D1D044A}.Ad-Hoc|Any CPU.Deploy.0 = Ad-Hoc|iPhone
		{62199F46-5E56-4BA6-9A38-EAA40D1D044A}.Ad-Hoc|ARM.ActiveCfg = Ad-Hoc|iPhone
		{62199F46-5E56-4BA6-9A38-EAA40D1D044A}.Ad-Hoc|ARM.Build.0 = Ad-Hoc|iPhone
		{62199F46-5E56-4BA6-9A38-EAA40D1D044A}.Ad-Hoc|ARM.Deploy.0 = Ad-Hoc|iPhone
		{62199F46-5E56-4BA6-9A38-EAA40D1D044A}.Ad-Hoc|iPhone.ActiveCfg = Ad-Hoc|iPhone
		{62199F46-5E56-4BA6-9A38-EAA40D1D044A}.Ad-Hoc|iPhone.Build.0 = Ad-Hoc|iPhone
		{62199F46-5E56-4BA6-9A38-EAA40D1D044A}.Ad-Hoc|iPhone.Deploy.0 = Ad-Hoc|iPhone
		{62199F46-5E56-4BA6-9A38-EAA40D1D044A}.Ad-Hoc|iPhoneSimulator.ActiveCfg = Ad-Hoc|iPhoneSimulator
		{62199F46-5E56-4BA6-9A38-EAA40D1D044A}.Ad-Hoc|iPhoneSimulator.Build.0 = Ad-Hoc|iPhoneSimulator
		{62199F46-5E56-4BA6-9A38-EAA40D1D044A}.Ad-Hoc|iPhoneSimulator.Deploy.0 = Ad-Hoc|iPhoneSimulator
		{62199F46-5E56-4BA6-9A38-EAA40D1D044A}.Ad-Hoc|x64.ActiveCfg = Ad-Hoc|iPhone
		{62199F46-5E56-4BA6-9A38-EAA40D1D044A}.Ad-Hoc|x64.Build.0 = Ad-Hoc|iPhone
		{62199F46-5E56-4BA6-9A38-EAA40D1D044A}.Ad-Hoc|x64.Deploy.0 = Ad-Hoc|iPhone
		{62199F46-5E56-4BA6-9A38-EAA40D1D044A}.Ad-Hoc|x86.ActiveCfg = Ad-Hoc|iPhone
		{62199F46-5E56-4BA6-9A38-EAA40D1D044A}.Ad-Hoc|x86.Build.0 = Ad-Hoc|iPhone
		{62199F46-5E56-4BA6-9A38-EAA40D1D044A}.Ad-Hoc|x86.Deploy.0 = Ad-Hoc|iPhone
		{62199F46-5E56-4BA6-9A38-EAA40D1D044A}.AppStore|Any CPU.ActiveCfg = AppStore|iPhone
		{62199F46-5E56-4BA6-9A38-EAA40D1D044A}.AppStore|Any CPU.Build.0 = AppStore|iPhone
		{62199F46-5E56-4BA6-9A38-EAA40D1D044A}.AppStore|Any CPU.Deploy.0 = AppStore|iPhone
		{62199F46-5E56-4BA6-9A38-EAA40D1D044A}.AppStore|ARM.ActiveCfg = AppStore|iPhone
		{62199F46-5E56-4BA6-9A38-EAA40D1D044A}.AppStore|ARM.Build.0 = AppStore|iPhone
		{62199F46-5E56-4BA6-9A38-EAA40D1D044A}.AppStore|ARM.Deploy.0 = AppStore|iPhone
		{62199F46-5E56-4BA6-9A38-EAA40D1D044A}.AppStore|iPhone.ActiveCfg = AppStore|iPhone
		{62199F46-5E56-4BA6-9A38-EAA40D1D044A}.AppStore|iPhone.Build.0 = AppStore|iPhone
		{62199F46-5E56-4BA6-9A38-EAA40D1D044A}.AppStore|iPhone.Deploy.0 = AppStore|iPhone
		{62199F46-5E56-4BA6-9A38-EAA40D1D044A}.AppStore|iPhoneSimulator.ActiveCfg = AppStore|iPhoneSimulator
		{62199F46-5E56-4BA6-9A38-EAA40D1D044A}.AppStore|iPhoneSimulator.Build.0 = AppStore|iPhoneSimulator
		{62199F46-5E56-4BA6-9A38-EAA40D1D044A}.AppStore|iPhoneSimulator.Deploy.0 = AppStore|iPhoneSimulator
		{62199F46-5E56-4BA6-9A38-EAA40D1D044A}.AppStore|x64.ActiveCfg = AppStore|iPhone
		{62199F46-5E56-4BA6-9A38-EAA40D1D044A}.AppStore|x64.Build.0 = AppStore|iPhone
		{62199F46-5E56-4BA6-9A38-EAA40D1D044A}.AppStore|x64.Deploy.0 = AppStore|iPhone
		{62199F46-5E56-4BA6-9A38-EAA40D1D044A}.AppStore|x86.ActiveCfg = AppStore|iPhone
		{62199F46-5E56-4BA6-9A38-EAA40D1D044A}.AppStore|x86.Build.0 = AppStore|iPhone
		{62199F46-5E56-4BA6-9A38-EAA40D1D044A}.AppStore|x86.Deploy.0 = AppStore|iPhone
		{62199F46-5E56-4BA6-9A38-EAA40D1D044A}.Debug|Any CPU.ActiveCfg = Debug|iPhoneSimulator
		{62199F46-5E56-4BA6-9A38-EAA40D1D044A}.Debug|Any CPU.Build.0 = Debug|iPhoneSimulator
		{62199F46-5E56-4BA6-9A38-EAA40D1D044A}.Debug|Any CPU.Deploy.0 = Debug|iPhoneSimulator
		{62199F46-5E56-4BA6-9A38-EAA40D1D044A}.Debug|ARM.ActiveCfg = Debug|iPhone
		{62199F46-5E56-4BA6-9A38-EAA40D1D044A}.Debug|ARM.Build.0 = Debug|iPhone
		{62199F46-5E56-4BA6-9A38-EAA40D1D044A}.Debug|ARM.Deploy.0 = Debug|iPhone
		{62199F46-5E56-4BA6-9A38-EAA40D1D044A}.Debug|iPhone.ActiveCfg = Debug|iPhone
		{62199F46-5E56-4BA6-9A38-EAA40D1D044A}.Debug|iPhone.Build.0 = Debug|iPhone
		{62199F46-5E56-4BA6-9A38-EAA40D1D044A}.Debug|iPhone.Deploy.0 = Debug|iPhone
		{62199F46-5E56-4BA6-9A38-EAA40D1D044A}.Debug|iPhoneSimulator.ActiveCfg = Debug|iPhoneSimulator
		{62199F46-5E56-4BA6-9A38-EAA40D1D044A}.Debug|iPhoneSimulator.Build.0 = Debug|iPhoneSimulator
		{62199F46-5E56-4BA6-9A38-EAA40D1D044A}.Debug|iPhoneSimulator.Deploy.0 = Debug|iPhoneSimulator
		{62199F46-5E56-4BA6-9A38-EAA40D1D044A}.Debug|x64.ActiveCfg = Debug|iPhone
		{62199F46-5E56-4BA6-9A38-EAA40D1D044A}.Debug|x64.Build.0 = Debug|iPhone
		{62199F46-5E56-4BA6-9A38-EAA40D1D044A}.Debug|x64.Deploy.0 = Debug|iPhone
		{62199F46-5E56-4BA6-9A38-EAA40D1D044A}.Debug|x86.ActiveCfg = Debug|iPhone
		{62199F46-5E56-4BA6-9A38-EAA40D1D044A}.Debug|x86.Build.0 = Debug|iPhone
		{62199F46-5E56-4BA6-9A38-EAA40D1D044A}.Debug|x86.Deploy.0 = Debug|iPhone
		{62199F46-5E56-4BA6-9A38-EAA40D1D044A}.Release|Any CPU.ActiveCfg = Release|iPhone
		{62199F46-5E56-4BA6-9A38-EAA40D1D044A}.Release|Any CPU.Build.0 = Release|iPhone
		{62199F46-5E56-4BA6-9A38-EAA40D1D044A}.Release|Any CPU.Deploy.0 = Release|iPhone
		{62199F46-5E56-4BA6-9A38-EAA40D1D044A}.Release|ARM.ActiveCfg = Release|iPhone
		{62199F46-5E56-4BA6-9A38-EAA40D1D044A}.Release|ARM.Build.0 = Release|iPhone
		{62199F46-5E56-4BA6-9A38-EAA40D1D044A}.Release|ARM.Deploy.0 = Release|iPhone
		{62199F46-5E56-4BA6-9A38-EAA40D1D044A}.Release|iPhone.ActiveCfg = Release|iPhone
		{62199F46-5E56-4BA6-9A38-EAA40D1D044A}.Release|iPhone.Build.0 = Release|iPhone
		{62199F46-5E56-4BA6-9A38-EAA40D1D044A}.Release|iPhone.Deploy.0 = Release|iPhone
		{62199F46-5E56-4BA6-9A38-EAA40D1D044A}.Release|iPhoneSimulator.ActiveCfg = Release|iPhoneSimulator
		{62199F46-5E56-4BA6-9A38-EAA40D1D044A}.Release|iPhoneSimulator.Build.0 = Release|iPhoneSimulator
		{62199F46-5E56-4BA6-9A38-EAA40D1D044A}.Release|iPhoneSimulator.Deploy.0 = Release|iPhoneSimulator
		{62199F46-5E56-4BA6-9A38-EAA40D1D044A}.Release|x64.ActiveCfg = Release|iPhone
		{62199F46-5E56-4BA6-9A38-EAA40D1D044A}.Release|x64.Build.0 = Release|iPhone
		{62199F46-5E56-4BA6-9A38-EAA40D1D044A}.Release|x64.Deploy.0 = Release|iPhone
		{62199F46-5E56-4BA6-9A38-EAA40D1D044A}.Release|x86.ActiveCfg = Release|iPhone
		{62199F46-5E56-4BA6-9A38-EAA40D1D044A}.Release|x86.Build.0 = Release|iPhone
		{62199F46-5E56-4BA6-9A38-EAA40D1D044A}.Release|x86.Deploy.0 = Release|iPhone
		{0285335B-6939-4533-886E-5DDBBEAC9191}.Ad-Hoc|Any CPU.ActiveCfg = Release|x86
		{0285335B-6939-4533-886E-5DDBBEAC9191}.Ad-Hoc|Any CPU.Build.0 = Release|x86
		{0285335B-6939-4533-886E-5DDBBEAC9191}.Ad-Hoc|Any CPU.Deploy.0 = Release|x86
		{0285335B-6939-4533-886E-5DDBBEAC9191}.Ad-Hoc|ARM.ActiveCfg = Release|ARM
		{0285335B-6939-4533-886E-5DDBBEAC9191}.Ad-Hoc|ARM.Build.0 = Release|ARM
		{0285335B-6939-4533-886E-5DDBBEAC9191}.Ad-Hoc|ARM.Deploy.0 = Release|ARM
		{0285335B-6939-4533-886E-5DDBBEAC9191}.Ad-Hoc|iPhone.ActiveCfg = Release|x86
		{0285335B-6939-4533-886E-5DDBBEAC9191}.Ad-Hoc|iPhone.Build.0 = Release|x86
		{0285335B-6939-4533-886E-5DDBBEAC9191}.Ad-Hoc|iPhone.Deploy.0 = Release|x86
		{0285335B-6939-4533-886E-5DDBBEAC9191}.Ad-Hoc|iPhoneSimulator.ActiveCfg = Release|x86
		{0285335B-6939-4533-886E-5DDBBEAC9191}.Ad-Hoc|iPhoneSimulator.Build.0 = Release|x86
		{0285335B-6939-4533-886E-5DDBBEAC9191}.Ad-Hoc|iPhoneSimulator.Deploy.0 = Release|x86
		{0285335B-6939-4533-886E-5DDBBEAC9191}.Ad-Hoc|x64.ActiveCfg = Release|x64
		{0285335B-6939-4533-886E-5DDBBEAC9191}.Ad-Hoc|x64.Build.0 = Release|x64
		{0285335B-6939-4533-886E-5DDBBEAC9191}.Ad-Hoc|x64.Deploy.0 = Release|x64
		{0285335B-6939-4533-886E-5DDBBEAC9191}.Ad-Hoc|x86.ActiveCfg = Release|x86
		{0285335B-6939-4533-886E-5DDBBEAC9191}.Ad-Hoc|x86.Build.0 = Release|x86
		{0285335B-6939-4533-886E-5DDBBEAC9191}.Ad-Hoc|x86.Deploy.0 = Release|x86
		{0285335B-6939-4533-886E-5DDBBEAC9191}.AppStore|Any CPU.ActiveCfg = Release|x86
		{0285335B-6939-4533-886E-5DDBBEAC9191}.AppStore|Any CPU.Build.0 = Release|x86
		{0285335B-6939-4533-886E-5DDBBEAC9191}.AppStore|Any CPU.Deploy.0 = Release|x86
		{0285335B-6939-4533-886E-5DDBBEAC9191}.AppStore|ARM.ActiveCfg = Release|ARM
		{0285335B-6939-4533-886E-5DDBBEAC9191}.AppStore|ARM.Build.0 = Release|ARM
		{0285335B-6939-4533-886E-5DDBBEAC9191}.AppStore|ARM.Deploy.0 = Release|ARM
		{0285335B-6939-4533-886E-5DDBBEAC9191}.AppStore|iPhone.ActiveCfg = Release|x86
		{0285335B-6939-4533-886E-5DDBBEAC9191}.AppStore|iPhone.Build.0 = Release|x86
		{0285335B-6939-4533-886E-5DDBBEAC9191}.AppStore|iPhone.Deploy.0 = Release|x86
		{0285335B-6939-4533-886E-5DDBBEAC9191}.AppStore|iPhoneSimulator.ActiveCfg = Release|x86
		{0285335B-6939-4533-886E-5DDBBEAC9191}.AppStore|iPhoneSimulator.Build.0 = Release|x86
		{0285335B-6939-4533-886E-5DDBBEAC9191}.AppStore|iPhoneSimulator.Deploy.0 = Release|x86
		{0285335B-6939-4533-886E-5DDBBEAC9191}.AppStore|x64.ActiveCfg = Release|x64
		{0285335B-6939-4533-886E-5DDBBEAC9191}.AppStore|x64.Build.0 = Release|x64
		{0285335B-6939-4533-886E-5DDBBEAC9191}.AppStore|x64.Deploy.0 = Release|x64
		{0285335B-6939-4533-886E-5DDBBEAC9191}.AppStore|x86.ActiveCfg = Release|x86
		{0285335B-6939-4533-886E-5DDBBEAC9191}.AppStore|x86.Build.0 = Release|x86
		{0285335B-6939-4533-886E-5DDBBEAC9191}.AppStore|x86.Deploy.0 = Release|x86
		{0285335B-6939-4533-886E-5DDBBEAC9191}.Debug|Any CPU.ActiveCfg = Debug|x86
		{0285335B-6939-4533-886E-5DDBBEAC9191}.Debug|Any CPU.Build.0 = Debug|x86
		{0285335B-6939-4533-886E-5DDBBEAC9191}.Debug|Any CPU.Deploy.0 = Debug|x86
		{0285335B-6939-4533-886E-5DDBBEAC9191}.Debug|ARM.ActiveCfg = Debug|ARM
		{0285335B-6939-4533-886E-5DDBBEAC9191}.Debug|ARM.Build.0 = Debug|ARM
		{0285335B-6939-4533-886E-5DDBBEAC9191}.Debug|ARM.Deploy.0 = Debug|ARM
		{0285335B-6939-4533-886E-5DDBBEAC9191}.Debug|iPhone.ActiveCfg = Debug|x86
		{0285335B-6939-4533-886E-5DDBBEAC9191}.Debug|iPhone.Build.0 = Debug|x86
		{0285335B-6939-4533-886E-5DDBBEAC9191}.Debug|iPhone.Deploy.0 = Debug|x86
		{0285335B-6939-4533-886E-5DDBBEAC9191}.Debug|iPhoneSimulator.ActiveCfg = Debug|x86
		{0285335B-6939-4533-886E-5DDBBEAC9191}.Debug|iPhoneSimulator.Build.0 = Debug|x86
		{0285335B-6939-4533-886E-5DDBBEAC9191}.Debug|iPhoneSimulator.Deploy.0 = Debug|x86
		{0285335B-6939-4533-886E-5DDBBEAC9191}.Debug|x64.ActiveCfg = Debug|x64
		{0285335B-6939-4533-886E-5DDBBEAC9191}.Debug|x64.Build.0 = Debug|x64
		{0285335B-6939-4533-886E-5DDBBEAC9191}.Debug|x64.Deploy.0 = Debug|x64
		{0285335B-6939-4533-886E-5DDBBEAC9191}.Debug|x86.ActiveCfg = Debug|x86
		{0285335B-6939-4533-886E-5DDBBEAC9191}.Debug|x86.Build.0 = Debug|x86
		{0285335B-6939-4533-886E-5DDBBEAC9191}.Debug|x86.Deploy.0 = Debug|x86
		{0285335B-6939-4533-886E-5DDBBEAC9191}.Release|Any CPU.ActiveCfg = Release|x86
		{0285335B-6939-4533-886E-5DDBBEAC9191}.Release|Any CPU.Build.0 = Release|x86
		{0285335B-6939-4533-886E-5DDBBEAC9191}.Release|Any CPU.Deploy.0 = Release|x86
		{0285335B-6939-4533-886E-5DDBBEAC9191}.Release|ARM.ActiveCfg = Release|ARM
		{0285335B-6939-4533-886E-5DDBBEAC9191}.Release|ARM.Build.0 = Release|ARM
		{0285335B-6939-4533-886E-5DDBBEAC9191}.Release|ARM.Deploy.0 = Release|ARM
		{0285335B-6939-4533-886E-5DDBBEAC9191}.Release|iPhone.ActiveCfg = Release|x86
		{0285335B-6939-4533-886E-5DDBBEAC9191}.Release|iPhone.Build.0 = Release|x86
		{0285335B-6939-4533-886E-5DDBBEAC9191}.Release|iPhone.Deploy.0 = Release|x86
		{0285335B-6939-4533-886E-5DDBBEAC9191}.Release|iPhoneSimulator.ActiveCfg = Release|x86
		{0285335B-6939-4533-886E-5DDBBEAC9191}.Release|iPhoneSimulator.Build.0 = Release|x86
		{0285335B-6939-4533-886E-5DDBBEAC9191}.Release|iPhoneSimulator.Deploy.0 = Release|x86
		{0285335B-6939-4533-886E-5DDBBEAC9191}.Release|x64.ActiveCfg = Release|x64
		{0285335B-6939-4533-886E-5DDBBEAC9191}.Release|x64.Build.0 = Release|x64
		{0285335B-6939-4533-886E-5DDBBEAC9191}.Release|x64.Deploy.0 = Release|x64
		{0285335B-6939-4533-886E-5DDBBEAC9191}.Release|x86.ActiveCfg = Release|x86
		{0285335B-6939-4533-886E-5DDBBEAC9191}.Release|x86.Build.0 = Release|x86
		{0285335B-6939-4533-886E-5DDBBEAC9191}.Release|x86.Deploy.0 = Release|x86
		{C5A80218-D852-42AA-A22F-076BB8F7A3EA}.Ad-Hoc|Any CPU.ActiveCfg = Debug|Any CPU
		{C5A80218-D852-42AA-A22F-076BB8F7A3EA}.Ad-Hoc|Any CPU.Build.0 = Debug|Any CPU
		{C5A80218-D852-42AA-A22F-076BB8F7A3EA}.Ad-Hoc|Any CPU.Deploy.0 = Debug|Any CPU
		{C5A80218-D852-42AA-A22F-076BB8F7A3EA}.Ad-Hoc|ARM.ActiveCfg = Debug|Any CPU
		{C5A80218-D852-42AA-A22F-076BB8F7A3EA}.Ad-Hoc|ARM.Build.0 = Debug|Any CPU
		{C5A80218-D852-42AA-A22F-076BB8F7A3EA}.Ad-Hoc|ARM.Deploy.0 = Debug|Any CPU
		{C5A80218-D852-42AA-A22F-076BB8F7A3EA}.Ad-Hoc|iPhone.ActiveCfg = Debug|Any CPU
		{C5A80218-D852-42AA-A22F-076BB8F7A3EA}.Ad-Hoc|iPhone.Build.0 = Debug|Any CPU
		{C5A80218-D852-42AA-A22F-076BB8F7A3EA}.Ad-Hoc|iPhone.Deploy.0 = Debug|Any CPU
		{C5A80218-D852-42AA-A22F-076BB8F7A3EA}.Ad-Hoc|iPhoneSimulator.ActiveCfg = Debug|Any CPU
		{C5A80218-D852-42AA-A22F-076BB8F7A3EA}.Ad-Hoc|iPhoneSimulator.Build.0 = Debug|Any CPU
		{C5A80218-D852-42AA-A22F-076BB8F7A3EA}.Ad-Hoc|iPhoneSimulator.Deploy.0 = Debug|Any CPU
		{C5A80218-D852-42AA-A22F-076BB8F7A3EA}.Ad-Hoc|x64.ActiveCfg = Debug|Any CPU
		{C5A80218-D852-42AA-A22F-076BB8F7A3EA}.Ad-Hoc|x64.Build.0 = Debug|Any CPU
		{C5A80218-D852-42AA-A22F-076BB8F7A3EA}.Ad-Hoc|x64.Deploy.0 = Debug|Any CPU
		{C5A80218-D852-42AA-A22F-076BB8F7A3EA}.Ad-Hoc|x86.ActiveCfg = Debug|Any CPU
		{C5A80218-D852-42AA-A22F-076BB8F7A3EA}.Ad-Hoc|x86.Build.0 = Debug|Any CPU
		{C5A80218-D852-42AA-A22F-076BB8F7A3EA}.Ad-Hoc|x86.Deploy.0 = Debug|Any CPU
		{C5A80218-D852-42AA-A22F-076BB8F7A3EA}.AppStore|Any CPU.ActiveCfg = Debug|Any CPU
		{C5A80218-D852-42AA-A22F-076BB8F7A3EA}.AppStore|Any CPU.Build.0 = Debug|Any CPU
		{C5A80218-D852-42AA-A22F-076BB8F7A3EA}.AppStore|Any CPU.Deploy.0 = Debug|Any CPU
		{C5A80218-D852-42AA-A22F-076BB8F7A3EA}.AppStore|ARM.ActiveCfg = Debug|Any CPU
		{C5A80218-D852-42AA-A22F-076BB8F7A3EA}.AppStore|ARM.Build.0 = Debug|Any CPU
		{C5A80218-D852-42AA-A22F-076BB8F7A3EA}.AppStore|ARM.Deploy.0 = Debug|Any CPU
		{C5A80218-D852-42AA-A22F-076BB8F7A3EA}.AppStore|iPhone.ActiveCfg = Debug|Any CPU
		{C5A80218-D852-42AA-A22F-076BB8F7A3EA}.AppStore|iPhone.Build.0 = Debug|Any CPU
		{C5A80218-D852-42AA-A22F-076BB8F7A3EA}.AppStore|iPhone.Deploy.0 = Debug|Any CPU
		{C5A80218-D852-42AA-A22F-076BB8F7A3EA}.AppStore|iPhoneSimulator.ActiveCfg = Debug|Any CPU
		{C5A80218-D852-42AA-A22F-076BB8F7A3EA}.AppStore|iPhoneSimulator.Build.0 = Debug|Any CPU
		{C5A80218-D852-42AA-A22F-076BB8F7A3EA}.AppStore|iPhoneSimulator.Deploy.0 = Debug|Any CPU
		{C5A80218-D852-42AA-A22F-076BB8F7A3EA}.AppStore|x64.ActiveCfg = Debug|Any CPU
		{C5A80218-D852-42AA-A22F-076BB8F7A3EA}.AppStore|x64.Build.0 = Debug|Any CPU
		{C5A80218-D852-42AA-A22F-076BB8F7A3EA}.AppStore|x64.Deploy.0 = Debug|Any CPU
		{C5A80218-D852-42AA-A22F-076BB8F7A3EA}.AppStore|x86.ActiveCfg = Debug|Any CPU
		{C5A80218-D852-42AA-A22F-076BB8F7A3EA}.AppStore|x86.Build.0 = Debug|Any CPU
		{C5A80218-D852-42AA-A22F-076BB8F7A3EA}.AppStore|x86.Deploy.0 = Debug|Any CPU
		{C5A80218-D852-42AA-A22F-076BB8F7A3EA}.Debug|Any CPU.ActiveCfg = Debug|Any CPU
		{C5A80218-D852-42AA-A22F-076BB8F7A3EA}.Debug|Any CPU.Build.0 = Debug|Any CPU
		{C5A80218-D852-42AA-A22F-076BB8F7A3EA}.Debug|Any CPU.Deploy.0 = Debug|Any CPU
		{C5A80218-D852-42AA-A22F-076BB8F7A3EA}.Debug|ARM.ActiveCfg = Debug|Any CPU
		{C5A80218-D852-42AA-A22F-076BB8F7A3EA}.Debug|ARM.Build.0 = Debug|Any CPU
		{C5A80218-D852-42AA-A22F-076BB8F7A3EA}.Debug|ARM.Deploy.0 = Debug|Any CPU
		{C5A80218-D852-42AA-A22F-076BB8F7A3EA}.Debug|iPhone.ActiveCfg = Debug|Any CPU
		{C5A80218-D852-42AA-A22F-076BB8F7A3EA}.Debug|iPhone.Build.0 = Debug|Any CPU
		{C5A80218-D852-42AA-A22F-076BB8F7A3EA}.Debug|iPhone.Deploy.0 = Debug|Any CPU
		{C5A80218-D852-42AA-A22F-076BB8F7A3EA}.Debug|iPhoneSimulator.ActiveCfg = Debug|Any CPU
		{C5A80218-D852-42AA-A22F-076BB8F7A3EA}.Debug|iPhoneSimulator.Build.0 = Debug|Any CPU
		{C5A80218-D852-42AA-A22F-076BB8F7A3EA}.Debug|iPhoneSimulator.Deploy.0 = Debug|Any CPU
		{C5A80218-D852-42AA-A22F-076BB8F7A3EA}.Debug|x64.ActiveCfg = Debug|Any CPU
		{C5A80218-D852-42AA-A22F-076BB8F7A3EA}.Debug|x64.Build.0 = Debug|Any CPU
		{C5A80218-D852-42AA-A22F-076BB8F7A3EA}.Debug|x64.Deploy.0 = Debug|Any CPU
		{C5A80218-D852-42AA-A22F-076BB8F7A3EA}.Debug|x86.ActiveCfg = Debug|Any CPU
		{C5A80218-D852-42AA-A22F-076BB8F7A3EA}.Debug|x86.Build.0 = Debug|Any CPU
		{C5A80218-D852-42AA-A22F-076BB8F7A3EA}.Debug|x86.Deploy.0 = Debug|Any CPU
		{C5A80218-D852-42AA-A22F-076BB8F7A3EA}.Release|Any CPU.ActiveCfg = Release|Any CPU
		{C5A80218-D852-42AA-A22F-076BB8F7A3EA}.Release|Any CPU.Build.0 = Release|Any CPU
		{C5A80218-D852-42AA-A22F-076BB8F7A3EA}.Release|Any CPU.Deploy.0 = Release|Any CPU
		{C5A80218-D852-42AA-A22F-076BB8F7A3EA}.Release|ARM.ActiveCfg = Release|Any CPU
		{C5A80218-D852-42AA-A22F-076BB8F7A3EA}.Release|ARM.Build.0 = Release|Any CPU
		{C5A80218-D852-42AA-A22F-076BB8F7A3EA}.Release|ARM.Deploy.0 = Release|Any CPU
		{C5A80218-D852-42AA-A22F-076BB8F7A3EA}.Release|iPhone.ActiveCfg = Release|Any CPU
		{C5A80218-D852-42AA-A22F-076BB8F7A3EA}.Release|iPhone.Build.0 = Release|Any CPU
		{C5A80218-D852-42AA-A22F-076BB8F7A3EA}.Release|iPhone.Deploy.0 = Release|Any CPU
		{C5A80218-D852-42AA-A22F-076BB8F7A3EA}.Release|iPhoneSimulator.ActiveCfg = Release|Any CPU
		{C5A80218-D852-42AA-A22F-076BB8F7A3EA}.Release|iPhoneSimulator.Build.0 = Release|Any CPU
		{C5A80218-D852-42AA-A22F-076BB8F7A3EA}.Release|iPhoneSimulator.Deploy.0 = Release|Any CPU
		{C5A80218-D852-42AA-A22F-076BB8F7A3EA}.Release|x64.ActiveCfg = Release|Any CPU
		{C5A80218-D852-42AA-A22F-076BB8F7A3EA}.Release|x64.Build.0 = Release|Any CPU
		{C5A80218-D852-42AA-A22F-076BB8F7A3EA}.Release|x64.Deploy.0 = Release|Any CPU
		{C5A80218-D852-42AA-A22F-076BB8F7A3EA}.Release|x86.ActiveCfg = Release|Any CPU
		{C5A80218-D852-42AA-A22F-076BB8F7A3EA}.Release|x86.Build.0 = Release|Any CPU
		{C5A80218-D852-42AA-A22F-076BB8F7A3EA}.Release|x86.Deploy.0 = Release|Any CPU
	EndGlobalSection
	GlobalSection(SolutionProperties) = preSolution
		HideSolutionNode = FALSE
	EndGlobalSection
	GlobalSection(ExtensibilityGlobals) = postSolution
		SolutionGuid = {A66AD3FA-859D-4D39-94C8-B5624D3E4A7C}
	EndGlobalSection
EndGlobal
